
Microsoft Visual Studio Solution File, Format Version 12.00
# Visual Studio Version 16
VisualStudioVersion = 16.0.30717.126
MinimumVisualStudioVersion = 10.0.40219.1
Project("{FAE04EC0-301F-11D3-BF4B-00C04F79EFBC}") = "Lab02_02", "Lab02_02\Lab02_02.csproj", "{C3558CC5-2D08-4953-8CE9-F8C0222967C7}"
EndProject
Global
	GlobalSection(SolutionConfigurationPlatforms) = preSolution
		Debug|Any CPU = Debug|Any CPU
		Release|Any CPU = Release|Any CPU
	EndGlobalSection
	GlobalSection(ProjectConfigurationPlatforms) = postSolution
		{C3558CC5-2D08-4953-8CE9-F8C0222967C7}.Debug|Any CPU.ActiveCfg = Debug|Any CPU
		{C3558CC5-2D08-4953-8CE9-F8C0222967C7}.Debug|Any CPU.Build.0 = Debug|Any CPU
		{C3558CC5-2D08-4953-8CE9-F8C0222967C7}.Release|Any CPU.ActiveCfg = Release|Any CPU
		{C3558CC5-2D08-4953-8CE9-F8C0222967C7}.Release|Any CPU.Build.0 = Release|Any CPU
	EndGlobalSection
	GlobalSection(SolutionProperties) = preSolution
		HideSolutionNode = FALSE
	EndGlobalSection
	GlobalSection(ExtensibilityGlobals) = postSolution
		SolutionGuid = {D1BDB4B0-ADA2-4AC6-9D8B-BD2F29A64C24}
	EndGlobalSection
EndGlobal
